// !$*UTF8*$!
{
	archiveVersion = 1;
	classes = {
	};
	objectVersion = 46;
	objects = {

/* Begin PBXBuildFile section */
		39EA77141B766DA500C58352 /* AppDelegate.swift in Sources */ = {isa = PBXBuildFile; fileRef = 39EA77131B766DA500C58352 /* AppDelegate.swift */; };
		39EA77161B766DA500C58352 /* ViewController.swift in Sources */ = {isa = PBXBuildFile; fileRef = 39EA77151B766DA500C58352 /* ViewController.swift */; };
		39EA77191B766DA500C58352 /* Main.storyboard in Resources */ = {isa = PBXBuildFile; fileRef = 39EA77171B766DA500C58352 /* Main.storyboard */; };
		39EA771B1B766DA500C58352 /* Images.xcassets in Resources */ = {isa = PBXBuildFile; fileRef = 39EA771A1B766DA500C58352 /* Images.xcassets */; };
		39EA771E1B766DA500C58352 /* LaunchScreen.xib in Resources */ = {isa = PBXBuildFile; fileRef = 39EA771C1B766DA500C58352 /* LaunchScreen.xib */; };
		39EA772A1B766DA600C58352 /* pitch_perfectTests.swift in Sources */ = {isa = PBXBuildFile; fileRef = 39EA77291B766DA600C58352 /* pitch_perfectTests.swift */; };
		39EA77341B76812D00C58352 /* playSoundViewController.swift in Sources */ = {isa = PBXBuildFile; fileRef = 39EA77331B76812D00C58352 /* playSoundViewController.swift */; };
		39EA77361B768B6700C58352 /* movie_quote.mp3 in Resources */ = {isa = PBXBuildFile; fileRef = 39EA77351B768B6700C58352 /* movie_quote.mp3 */; };
		39EA77381B76D20800C58352 /* recordAudioClass.swift in Sources */ = {isa = PBXBuildFile; fileRef = 39EA77371B76D20700C58352 /* recordAudioClass.swift */; };
/* End PBXBuildFile section */

/* Begin PBXContainerItemProxy section */
		39EA77241B766DA500C58352 /* PBXContainerItemProxy */ = {
			isa = PBXContainerItemProxy;
			containerPortal = 39EA77061B766DA500C58352 /* Project object */;
			proxyType = 1;
			remoteGlobalIDString = 39EA770D1B766DA500C58352;
			remoteInfo = "pitch perfect";
		};
/* End PBXContainerItemProxy section */

/* Begin PBXFileReference section */
		39EA770E1B766DA500C58352 /* pitch perfect.app */ = {isa = PBXFileReference; explicitFileType = wrapper.application; includeInIndex = 0; path = "pitch perfect.app"; sourceTree = BUILT_PRODUCTS_DIR; };
		39EA77121B766DA500C58352 /* Info.plist */ = {isa = PBXFileReference; lastKnownFileType = text.plist.xml; path = Info.plist; sourceTree = "<group>"; };
		39EA77131B766DA500C58352 /* AppDelegate.swift */ = {isa = PBXFileReference; lastKnownFileType = sourcecode.swift; path = AppDelegate.swift; sourceTree = "<group>"; };
		39EA77151B766DA500C58352 /* ViewController.swift */ = {isa = PBXFileReference; lastKnownFileType = sourcecode.swift; path = ViewController.swift; sourceTree = "<group>"; };
		39EA77181B766DA500C58352 /* Base */ = {isa = PBXFileReference; lastKnownFileType = file.storyboard; name = Base; path = Base.lproj/Main.storyboard; sourceTree = "<group>"; };
		39EA771A1B766DA500C58352 /* Images.xcassets */ = {isa = PBXFileReference; lastKnownFileType = folder.assetcatalog; path = Images.xcassets; sourceTree = "<group>"; };
		39EA771D1B766DA500C58352 /* Base */ = {isa = PBXFileReference; lastKnownFileType = file.xib; name = Base; path = Base.lproj/LaunchScreen.xib; sourceTree = "<group>"; };
		39EA77231B766DA500C58352 /* pitch perfectTests.xctest */ = {isa = PBXFileReference; explicitFileType = wrapper.cfbundle; includeInIndex = 0; path = "pitch perfectTests.xctest"; sourceTree = BUILT_PRODUCTS_DIR; };
		39EA77281B766DA600C58352 /* Info.plist */ = {isa = PBXFileReference; lastKnownFileType = text.plist.xml; path = Info.plist; sourceTree = "<group>"; };
		39EA77291B766DA600C58352 /* pitch_perfectTests.swift */ = {isa = PBXFileReference; lastKnownFileType = sourcecode.swift; path = pitch_perfectTests.swift; sourceTree = "<group>"; };
		39EA77331B76812D00C58352 /* playSoundViewController.swift */ = {isa = PBXFileReference; fileEncoding = 4; lastKnownFileType = sourcecode.swift; path = playSoundViewController.swift; sourceTree = "<group>"; };
		39EA77351B768B6700C58352 /* movie_quote.mp3 */ = {isa = PBXFileReference; lastKnownFileType = audio.mp3; path = movie_quote.mp3; sourceTree = "<group>"; };
		39EA77371B76D20700C58352 /* recordAudioClass.swift */ = {isa = PBXFileReference; fileEncoding = 4; lastKnownFileType = sourcecode.swift; path = recordAudioClass.swift; sourceTree = "<group>"; };
/* End PBXFileReference section */

/* Begin PBXFrameworksBuildPhase section */
		39EA770B1B766DA500C58352 /* Frameworks */ = {
			isa = PBXFrameworksBuildPhase;
			buildActionMask = 2147483647;
			files = (
			);
			runOnlyForDeploymentPostprocessing = 0;
		};
		39EA77201B766DA500C58352 /* Frameworks */ = {
			isa = PBXFrameworksBuildPhase;
			buildActionMask = 2147483647;
			files = (
			);
			runOnlyForDeploymentPostprocessing = 0;
		};
/* End PBXFrameworksBuildPhase section */

/* Begin PBXGroup section */
		39EA77051B766DA500C58352 = {
			isa = PBXGroup;
			children = (
				39EA77101B766DA500C58352 /* pitch perfect */,
				39EA77261B766DA600C58352 /* pitch perfectTests */,
				39EA770F1B766DA500C58352 /* Products */,
			);
			sourceTree = "<group>";
		};
		39EA770F1B766DA500C58352 /* Products */ = {
			isa = PBXGroup;
			children = (
				39EA770E1B766DA500C58352 /* pitch perfect.app */,
				39EA77231B766DA500C58352 /* pitch perfectTests.xctest */,
			);
			name = Products;
			sourceTree = "<group>";
		};
		39EA77101B766DA500C58352 /* pitch perfect */ = {
			isa = PBXGroup;
			children = (
				39EA77131B766DA500C58352 /* AppDelegate.swift */,
				39EA77151B766DA500C58352 /* ViewController.swift */,
				39EA77171B766DA500C58352 /* Main.storyboard */,
				39EA77371B76D20700C58352 /* recordAudioClass.swift */,
				39EA77331B76812D00C58352 /* playSoundViewController.swift */,
				39EA771A1B766DA500C58352 /* Images.xcassets */,
				39EA771C1B766DA500C58352 /* LaunchScreen.xib */,
				39EA77111B766DA500C58352 /* Supporting Files */,
			);
			path = "pitch perfect";
			sourceTree = "<group>";
		};
		39EA77111B766DA500C58352 /* Supporting Files */ = {
			isa = PBXGroup;
			children = (
				39EA77351B768B6700C58352 /* movie_quote.mp3 */,
				39EA77121B766DA500C58352 /* Info.plist */,
			);
			name = "Supporting Files";
			sourceTree = "<group>";
		};
		39EA77261B766DA600C58352 /* pitch perfectTests */ = {
			isa = PBXGroup;
			children = (
				39EA77291B766DA600C58352 /* pitch_perfectTests.swift */,
				39EA77271B766DA600C58352 /* Supporting Files */,
			);
			path = "pitch perfectTests";
			sourceTree = "<group>";
		};
		39EA77271B766DA600C58352 /* Supporting Files */ = {
			isa = PBXGroup;
			children = (
				39EA77281B766DA600C58352 /* Info.plist */,
			);
			name = "Supporting Files";
			sourceTree = "<group>";
		};
/* End PBXGroup section */

/* Begin PBXNativeTarget section */
		39EA770D1B766DA500C58352 /* pitch perfect */ = {
			isa = PBXNativeTarget;
			buildConfigurationList = 39EA772D1B766DA600C58352 /* Build configuration list for PBXNativeTarget "pitch perfect" */;
			buildPhases = (
				39EA770A1B766DA500C58352 /* Sources */,
				39EA770B1B766DA500C58352 /* Frameworks */,
				39EA770C1B766DA500C58352 /* Resources */,
			);
			buildRules = (
			);
			dependencies = (
			);
			name = "pitch perfect";
			productName = "pitch perfect";
			productReference = 39EA770E1B766DA500C58352 /* pitch perfect.app */;
			productType = "com.apple.product-type.application";
		};
		39EA77221B766DA500C58352 /* pitch perfectTests */ = {
			isa = PBXNativeTarget;
			buildConfigurationList = 39EA77301B766DA600C58352 /* Build configuration list for PBXNativeTarget "pitch perfectTests" */;
			buildPhases = (
				39EA771F1B766DA500C58352 /* Sources */,
				39EA77201B766DA500C58352 /* Frameworks */,
				39EA77211B766DA500C58352 /* Resources */,
			);
			buildRules = (
			);
			dependencies = (
				39EA77251B766DA500C58352 /* PBXTargetDependency */,
			);
			name = "pitch perfectTests";
			productName = "pitch perfectTests";
			productReference = 39EA77231B766DA500C58352 /* pitch perfectTests.xctest */;
			productType = "com.apple.product-type.bundle.unit-test";
		};
/* End PBXNativeTarget section */

/* Begin PBXProject section */
		39EA77061B766DA500C58352 /* Project object */ = {
			isa = PBXProject;
			attributes = {
				LastUpgradeCheck = 0610;
				ORGANIZATIONNAME = ZhouLiwei;
				TargetAttributes = {
					39EA770D1B766DA500C58352 = {
						CreatedOnToolsVersion = 6.1;
					};
					39EA77221B766DA500C58352 = {
						CreatedOnToolsVersion = 6.1;
						TestTargetID = 39EA770D1B766DA500C58352;
					};
				};
			};
			buildConfigurationList = 39EA77091B766DA500C58352 /* Build configuration list for PBXProject "pitch perfect" */;
			compatibilityVersion = "Xcode 3.2";
			developmentRegion = English;
			hasScannedForEncodings = 0;
			knownRegions = (
				en,
				Base,
			);
			mainGroup = 39EA77051B766DA500C58352;
			productRefGroup = 39EA770F1B766DA500C58352 /* Products */;
			projectDirPath = "";
			projectRoot = "";
			targets = (
				39EA770D1B766DA500C58352 /* pitch perfect */,
				39EA77221B766DA500C58352 /* pitch perfectTests */,
			);
		};
/* End PBXProject section */

/* Begin PBXResourcesBuildPhase section */
		39EA770C1B766DA500C58352 /* Resources */ = {
			isa = PBXResourcesBuildPhase;
			buildActionMask = 2147483647;
			files = (
				39EA77191B766DA500C58352 /* Main.storyboard in Resources */,
				39EA771E1B766DA500C58352 /* LaunchScreen.xib in Resources */,
				39EA77361B768B6700C58352 /* movie_quote.mp3 in Resources */,
				39EA771B1B766DA500C58352 /* Images.xcassets in Resources */,
			);
			runOnlyForDeploymentPostprocessing = 0;
		};
		39EA77211B766DA500C58352 /* Resources */ = {
			isa = PBXResourcesBuildPhase;
			buildActionMask = 2147483647;
			files = (
			);
			runOnlyForDeploymentPostprocessing = 0;
		};
/* End PBXResourcesBuildPhase section */

/* Begin PBXSourcesBuildPhase section */
		39EA770A1B766DA500C58352 /* Sources */ = {
			isa = PBXSourcesBuildPhase;
			buildActionMask = 2147483647;
			files = (
				39EA77381B76D20800C58352 /* recordAudioClass.swift in Sources */,
				39EA77161B766DA500C58352 /* ViewController.swift in Sources */,
				39EA77341B76812D00C58352 /* playSoundViewController.swift in Sources */,
				39EA77141B766DA500C58352 /* AppDelegate.swift in Sources */,
			);
			runOnlyForDeploymentPostprocessing = 0;
		};
		39EA771F1B766DA500C58352 /* Sources */ = {
			isa = PBXSourcesBuildPhase;
			buildActionMask = 2147483647;
			files = (
				39EA772A1B766DA600C58352 /* pitch_perfectTests.swift in Sources */,
			);
			runOnlyForDeploymentPostprocessing = 0;
		};
/* End PBXSourcesBuildPhase section */

/* Begin PBXTargetDependency section */
		39EA77251B766DA500C58352 /* PBXTargetDependency */ = {
			isa = PBXTargetDependency;
			target = 39EA770D1B766DA500C58352 /* pitch perfect */;
			targetProxy = 39EA77241B766DA500C58352 /* PBXContainerItemProxy */;
		};
/* End PBXTargetDependency section */

/* Begin PBXVariantGroup section */
		39EA77171B766DA500C58352 /* Main.storyboard */ = {
			isa = PBXVariantGroup;
			children = (
				39EA77181B766DA500C58352 /* Base */,
			);
			name = Main.storyboard;
			sourceTree = "<group>";
		};
		39EA771C1B766DA500C58352 /* LaunchScreen.xib */ = {
			isa = PBXVariantGroup;
			children = (
				39EA771D1B766DA500C58352 /* Base */,
			);
			name = LaunchScreen.xib;
			sourceTree = "<group>";
		};
/* End PBXVariantGroup section */

/* Begin XCBuildConfiguration section */
		39EA772B1B766DA600C58352 /* Debug */ = {
			isa = XCBuildConfiguration;
			buildSettings = {
				ALWAYS_SEARCH_USER_PATHS = NO;
				CLANG_CXX_LANGUAGE_STANDARD = "gnu++0x";
				CLANG_CXX_LIBRARY = "libc++";
				CLANG_ENABLE_MODULES = YES;
				CLANG_ENABLE_OBJC_ARC = YES;
				CLANG_WARN_BOOL_CONVERSION = YES;
				CLANG_WARN_CONSTANT_CONVERSION = YES;
				CLANG_WARN_DIRECT_OBJC_ISA_USAGE = YES_ERROR;
				CLANG_WARN_EMPTY_BODY = YES;
				CLANG_WARN_ENUM_CONVERSION = YES;
				CLANG_WARN_INT_CONVERSION = YES;
				CLANG_WARN_OBJC_ROOT_CLASS = YES_ERROR;
				CLANG_WARN_UNREACHABLE_CODE = YES;
				CLANG_WARN__DUPLICATE_METHOD_MATCH = YES;
				"CODE_SIGN_IDENTITY[sdk=iphoneos*]" = "iPhone Developer";
				COPY_PHASE_STRIP = NO;
				ENABLE_STRICT_OBJC_MSGSEND = YES;
				GCC_C_LANGUAGE_STANDARD = gnu99;
				GCC_DYNAMIC_NO_PIC = NO;
				GCC_OPTIMIZATION_LEVEL = 0;
				GCC_PREPROCESSOR_DEFINITIONS = (
					"DEBUG=1",
					"$(inherited)",
				);
				GCC_SYMBOLS_PRIVATE_EXTERN = NO;
				GCC_WARN_64_TO_32_BIT_CONVERSION = YES;
				GCC_WARN_ABOUT_RETURN_TYPE = YES_ERROR;
				GCC_WARN_UNDECLARED_SELECTOR = YES;
				GCC_WARN_UNINITIALIZED_AUTOS = YES_AGGRESSIVE;
				GCC_WARN_UNUSED_FUNCTION = YES;
				GCC_WARN_UNUSED_VARIABLE = YES;
				IPHONEOS_DEPLOYMENT_TARGET = 8.1;
				MTL_ENABLE_DEBUG_INFO = YES;
				ONLY_ACTIVE_ARCH = YES;
				SDKROOT = iphoneos;
				SWIFT_OPTIMIZATION_LEVEL = "-Onone";
				TARGETED_DEVICE_FAMILY = "1,2";
			};
			name = Debug;
		};
		39EA772C1B766DA600C58352 /* Release */ = {
			isa = XCBuildConfiguration;
			buildSettings = {
				ALWAYS_SEARCH_USER_PATHS = NO;
				CLANG_CXX_LANGUAGE_STANDARD = "gnu++0x";
				CLANG_CXX_LIBRARY = "libc++";
				CLANG_ENABLE_MODULES = YES;
				CLANG_ENABLE_OBJC_ARC = YES;
				CLANG_WARN_BOOL_CONVERSION = YES;
				CLANG_WARN_CONSTANT_CONVERSION = YES;
				CLANG_WARN_DIRECT_OBJC_ISA_USAGE = YES_ERROR;
				CLANG_WARN_EMPTY_BODY = YES;
				CLANG_WARN_ENUM_CONVERSION = YES;
				CLANG_WARN_INT_CONVERSION = YES;
				CLANG_WARN_OBJC_ROOT_CLASS = YES_ERROR;
				CLANG_WARN_UNREACHABLE_CODE = YES;
				CLANG_WARN__DUPLICATE_METHOD_MATCH = YES;
				"CODE_SIGN_IDENTITY[sdk=iphoneos*]" = "iPhone Developer";
				COPY_PHASE_STRIP = YES;
				ENABLE_NS_ASSERTIONS = NO;
				ENABLE_STRICT_OBJC_MSGSEND = YES;
				GCC_C_LANGUAGE_STANDARD = gnu99;
				GCC_WARN_64_TO_32_BIT_CONVERSION = YES;
				GCC_WARN_ABOUT_RETURN_TYPE = YES_ERROR;
				GCC_WARN_UNDECLARED_SELECTOR = YES;
				GCC_WARN_UNINITIALIZED_AUTOS = YES_AGGRESSIVE;
				GCC_WARN_UNUSED_FUNCTION = YES;
				GCC_WARN_UNUSED_VARIABLE = YES;
				IPHONEOS_DEPLOYMENT_TARGET = 8.1;
				MTL_ENABLE_DEBUG_INFO = NO;
				SDKROOT = iphoneos;
				TARGETED_DEVICE_FAMILY = "1,2";
				VALIDATE_PRODUCT = YES;
			};
			name = Release;
		};
		39EA772E1B766DA600C58352 /* Debug */ = {
			isa = XCBuildConfiguration;
			buildSettings = {
				ASSETCATALOG_COMPILER_APPICON_NAME = AppIcon;
				CODE_SIGN_IDENTITY = "iPhone Developer";
				INFOPLIST_FILE = "pitch perfect/Info.plist";
				LD_RUNPATH_SEARCH_PATHS = "$(inherited) @executable_path/Frameworks";
				PRODUCT_NAME = "$(TARGET_NAME)";
			};
			name = Debug;
		};
		39EA772F1B766DA600C58352 /* Release */ = {
			isa = XCBuildConfiguration;
			buildSettings = {
				ASSETCATALOG_COMPILER_APPICON_NAME = AppIcon;
				CODE_SIGN_IDENTITY = "iPhone Developer";
				INFOPLIST_FILE = "pitch perfect/Info.plist";
				LD_RUNPATH_SEARCH_PATHS = "$(inherited) @executable_path/Frameworks";
				PRODUCT_NAME = "$(TARGET_NAME)";
			};
			name = Release;
		};
		39EA77311B766DA600C58352 /* Debug */ = {
			isa = XCBuildConfiguration;
			buildSettings = {
				BUNDLE_LOADER = "$(TEST_HOST)";
				FRAMEWORK_SEARCH_PATHS = (
					"$(SDKROOT)/Developer/Library/Frameworks",
					"$(inherited)",
				);
				GCC_PREPROCESSOR_DEFINITIONS = (
					"DEBUG=1",
					"$(inherited)",
				);
				INFOPLIST_FILE = "pitch perfectTests/Info.plist";
				LD_RUNPATH_SEARCH_PATHS = "$(inherited) @executable_path/Frameworks @loader_path/Frameworks";
				PRODUCT_NAME = "$(TARGET_NAME)";
				TEST_HOST = "$(BUILT_PRODUCTS_DIR)/pitch perfect.app/pitch perfect";
			};
			name = Debug;
		};
		39EA77321B766DA600C58352 /* Release */ = {
			isa = XCBuildConfiguration;
			buildSettings = {
				BUNDLE_LOADER = "$(TEST_HOST)";
				FRAMEWORK_SEARCH_PATHS = (
					"$(SDKROOT)/Developer/Library/Frameworks",
					"$(inherited)",
				);
				INFOPLIST_FILE = "pitch perfectTests/Info.plist";
				LD_RUNPATH_SEARCH_PATHS = "$(inherited) @executable_path/Frameworks @loader_path/Frameworks";
				PRODUCT_NAME = "$(TARGET_NAME)";
				TEST_HOST = "$(BUILT_PRODUCTS_DIR)/pitch perfect.app/pitch perfect";
			};
			name = Release;
		};
/* End XCBuildConfiguration section */

/* Begin XCConfigurationList section */
		39EA77091B766DA500C58352 /* Build configuration list for PBXProject "pitch perfect" */ = {
			isa = XCConfigurationList;
			buildConfigurations = (
				39EA772B1B766DA600C58352 /* Debug */,
				39EA772C1B766DA600C58352 /* Release */,
			);
			defaultConfigurationIsVisible = 0;
			defaultConfigurationName = Release;
		};
		39EA772D1B766DA600C58352 /* Build configuration list for PBXNativeTarget "pitch perfect" */ = {
			isa = XCConfigurationList;
			buildConfigurations = (
				39EA772E1B766DA600C58352 /* Debug */,
				39EA772F1B766DA600C58352 /* Release */,
			);
			defaultConfigurationIsVisible = 0;
		};
		39EA77301B766DA600C58352 /* Build configuration list for PBXNativeTarget "pitch perfectTests" */ = {
			isa = XCConfigurationList;
			buildConfigurations = (
				39EA77311B766DA600C58352 /* Debug */,
				39EA77321B766DA600C58352 /* Release */,
			);
			defaultConfigurationIsVisible = 0;
		};
/* End XCConfigurationList section */
	};
	rootObject = 39EA77061B766DA500C58352 /* Project object */;
}
